
Microsoft Visual Studio Solution File, Format Version 12.00
# Visual Studio Version 16
VisualStudioVersion = 16.0.30717.126
MinimumVisualStudioVersion = 10.0.40219.1
Project("{FAE04EC0-301F-11D3-BF4B-00C04F79EFBC}") = "Metoder opg 1.8 H1", "Metoder opg 1.8 H1\Metoder opg 1.8 H1.csproj", "{DAE69062-8A7F-4825-8123-DB2FAA17204E}"
EndProject
Global
	GlobalSection(SolutionConfigurationPlatforms) = preSolution
		Debug|Any CPU = Debug|Any CPU
		Release|Any CPU = Release|Any CPU
	EndGlobalSection
	GlobalSection(ProjectConfigurationPlatforms) = postSolution
		{DAE69062-8A7F-4825-8123-DB2FAA17204E}.Debug|Any CPU.ActiveCfg = Debug|Any CPU
		{DAE69062-8A7F-4825-8123-DB2FAA17204E}.Debug|Any CPU.Build.0 = Debug|Any CPU
		{DAE69062-8A7F-4825-8123-DB2FAA17204E}.Release|Any CPU.ActiveCfg = Release|Any CPU
		{DAE69062-8A7F-4825-8123-DB2FAA17204E}.Release|Any CPU.Build.0 = Release|Any CPU
	EndGlobalSection
	GlobalSection(SolutionProperties) = preSolution
		HideSolutionNode = FALSE
	EndGlobalSection
	GlobalSection(ExtensibilityGlobals) = postSolution
		SolutionGuid = {D77D2990-FE5B-4A83-905D-8B09981210AF}
	EndGlobalSection
EndGlobal
